
Microsoft Visual Studio Solution File, Format Version 12.00
# Visual Studio Version 16
VisualStudioVersion = 16.0.29424.173
MinimumVisualStudioVersion = 10.0.40219.1
Project("{9A19103F-16F7-4668-BE54-9A1E7A4F7556}") = "EmployeeManagement", "EmployeeManagement\EmployeeManagement.csproj", "{C82F6835-B937-4D52-A914-35F34F778D13}"
EndProject
Global
	GlobalSection(SolutionConfigurationPlatforms) = preSolution
		Debug|Any CPU = Debug|Any CPU
		Release|Any CPU = Release|Any CPU
	EndGlobalSection
	GlobalSection(ProjectConfigurationPlatforms) = postSolution
		{C82F6835-B937-4D52-A914-35F34F778D13}.Debug|Any CPU.ActiveCfg = Debug|Any CPU
		{C82F6835-B937-4D52-A914-35F34F778D13}.Debug|Any CPU.Build.0 = Debug|Any CPU
		{C82F6835-B937-4D52-A914-35F34F778D13}.Release|Any CPU.ActiveCfg = Release|Any CPU
		{C82F6835-B937-4D52-A914-35F34F778D13}.Release|Any CPU.Build.0 = Release|Any CPU
	EndGlobalSection
	GlobalSection(SolutionProperties) = preSolution
		HideSolutionNode = FALSE
	EndGlobalSection
	GlobalSection(ExtensibilityGlobals) = postSolution
		SolutionGuid = {CBD71485-DE2A-4EF1-97A9-6C060E50B5CB}
	EndGlobalSection
EndGlobal
